
Microsoft Visual Studio Solution File, Format Version 12.00
# Visual Studio Version 17
VisualStudioVersion = 17.2.32630.192
MinimumVisualStudioVersion = 10.0.40219.1
Project("{FAE04EC0-301F-11D3-BF4B-00C04F79EFBC}") = "OYC-API", "OYC-API.csproj", "{74EA1DEF-17D8-4AD3-BD9F-79B1614E7AEE}"
EndProject
Global
	GlobalSection(SolutionConfigurationPlatforms) = preSolution
		Debug|Any CPU = Debug|Any CPU
		Release|Any CPU = Release|Any CPU
	EndGlobalSection
	GlobalSection(ProjectConfigurationPlatforms) = postSolution
		{74EA1DEF-17D8-4AD3-BD9F-79B1614E7AEE}.Debug|Any CPU.ActiveCfg = Debug|Any CPU
		{74EA1DEF-17D8-4AD3-BD9F-79B1614E7AEE}.Debug|Any CPU.Build.0 = Debug|Any CPU
		{74EA1DEF-17D8-4AD3-BD9F-79B1614E7AEE}.Release|Any CPU.ActiveCfg = Release|Any CPU
		{74EA1DEF-17D8-4AD3-BD9F-79B1614E7AEE}.Release|Any CPU.Build.0 = Release|Any CPU
	EndGlobalSection
	GlobalSection(SolutionProperties) = preSolution
		HideSolutionNode = FALSE
	EndGlobalSection
	GlobalSection(ExtensibilityGlobals) = postSolution
		SolutionGuid = {0B505EF5-D723-4543-B9CE-91922E87DD85}
	EndGlobalSection
EndGlobal
